
Microsoft Visual Studio Solution File, Format Version 12.00
# Visual Studio Version 17
VisualStudioVersion = 17.14.36811.4
MinimumVisualStudioVersion = 10.0.40219.1
Project("{FAE04EC0-301F-11D3-BF4B-00C04F79EFBC}") = "LastChaos ToolBoxNG", "LastChaos ToolBoxNG.csproj", "{F0497F24-64DC-45B8-ACA3-CC1E93EC634B}"
EndProject
Global
	GlobalSection(SolutionConfigurationPlatforms) = preSolution
		Debug|Any CPU = Debug|Any CPU
		Release|Any CPU = Release|Any CPU
	EndGlobalSection
	GlobalSection(ProjectConfigurationPlatforms) = postSolution
		{F0497F24-64DC-45B8-ACA3-CC1E93EC634B}.Debug|Any CPU.ActiveCfg = Debug|Any CPU
		{F0497F24-64DC-45B8-ACA3-CC1E93EC634B}.Debug|Any CPU.Build.0 = Debug|Any CPU
		{F0497F24-64DC-45B8-ACA3-CC1E93EC634B}.Release|Any CPU.ActiveCfg = Release|Any CPU
		{F0497F24-64DC-45B8-ACA3-CC1E93EC634B}.Release|Any CPU.Build.0 = Release|Any CPU
	EndGlobalSection
	GlobalSection(SolutionProperties) = preSolution
		HideSolutionNode = FALSE
	EndGlobalSection
	GlobalSection(ExtensibilityGlobals) = postSolution
		SolutionGuid = {6AE614BF-6F50-49E2-9455-9B5A5784E7F8}
	EndGlobalSection
EndGlobal
